
Microsoft Visual Studio Solution File, Format Version 12.00
# Visual Studio 15
VisualStudioVersion = 15.0.27428.2005
MinimumVisualStudioVersion = 10.0.40219.1
Project("{FAE04EC0-301F-11D3-BF4B-00C04F79EFBC}") = "Lab1", "Lab1\Lab1.csproj", "{D7846420-58E4-46C7-92C2-4D37E64429DF}"
EndProject
Project("{FAE04EC0-301F-11D3-BF4B-00C04F79EFBC}") = "Lab2", "Lab2\Lab2.csproj", "{C800B14B-D2F1-4E36-ABCE-7EB5FFC28904}"
EndProject
Global
	GlobalSection(SolutionConfigurationPlatforms) = preSolution
		Debug|Any CPU = Debug|Any CPU
		Release|Any CPU = Release|Any CPU
	EndGlobalSection
	GlobalSection(ProjectConfigurationPlatforms) = postSolution
		{D7846420-58E4-46C7-92C2-4D37E64429DF}.Debug|Any CPU.ActiveCfg = Debug|Any CPU
		{D7846420-58E4-46C7-92C2-4D37E64429DF}.Debug|Any CPU.Build.0 = Debug|Any CPU
		{D7846420-58E4-46C7-92C2-4D37E64429DF}.Release|Any CPU.ActiveCfg = Release|Any CPU
		{D7846420-58E4-46C7-92C2-4D37E64429DF}.Release|Any CPU.Build.0 = Release|Any CPU
		{C800B14B-D2F1-4E36-ABCE-7EB5FFC28904}.Debug|Any CPU.ActiveCfg = Debug|Any CPU
		{C800B14B-D2F1-4E36-ABCE-7EB5FFC28904}.Debug|Any CPU.Build.0 = Debug|Any CPU
		{C800B14B-D2F1-4E36-ABCE-7EB5FFC28904}.Release|Any CPU.ActiveCfg = Release|Any CPU
		{C800B14B-D2F1-4E36-ABCE-7EB5FFC28904}.Release|Any CPU.Build.0 = Release|Any CPU
	EndGlobalSection
	GlobalSection(SolutionProperties) = preSolution
		HideSolutionNode = FALSE
	EndGlobalSection
	GlobalSection(ExtensibilityGlobals) = postSolution
		SolutionGuid = {2FD8319D-52C0-45C0-BDF8-B59ABB002FDB}
	EndGlobalSection
EndGlobal
